github.com/Malpizarr/dbproto v0.0.0-20240502015220-9582d63f377e h1:Z9MWoXNrUP2KK4foxpLczOHOKAzCuaXsmr/TATf9mm8=
github.com/Malpizarr/dbproto v0.0.0-20240502015220-9582d63f377e/go.mod h1:DtJO6/B5Fz8gaRoll1+QI8vPTIDUXP9iJIBJxO3U+kY=
github.com/Malpizarr/dbproto v0.0.1 h1:xmpaWrPa6VJD/fiyBO4oYrLRVQPSBq3E5NdAIGlGMmY=
github.com/Malpizarr/dbproto v0.0.1/go.mod h1:DtJO6/B5Fz8gaRoll1+QI8vPTIDUXP9iJIBJxO3U+kY=
github.com/Malpizarr/dbproto v0.0.2 h1:rtEtE78/FzQnwUbulUp0jszgGnLWAaHeXEHuB6+JdIw=
github.com/Malpizarr/dbproto v0.0.2/go.mod h1:DtJO6/B5Fz8gaRoll1+QI8vPTIDUXP9iJIBJxO3U+kY=
github.com/Malpizarr/dbproto v0.0.3 h1:ReY7Tpog+mqFtYt+0qWbTksJtywiZ4QBZuEYUOn8rbY=
github.com/Malpizarr/dbproto v0.0.3/go.mod h1:DtJO6/B5Fz8gaRoll1+QI8vPTIDUXP9iJIBJxO3U+kY=
github.com/Malpizarr/dbproto v0.0.4 h1:MY3oguIMDZEJmmDj6qj35skjLA1WZ+Qwzbl0SIyk1K0=
github.com/Malpizarr/dbproto v0.0.4/go.mod h1:DtJO6/B5Fz8gaRoll1+QI8vPTIDUXP9iJIBJxO3U+kY=
github.com/Malpizarr/dbproto v0.0.5 h1:MkEpD4Xx1Kfd976JcqghAuUV1GYIyipVoQpDFq4qnqY=
github.com/Malpizarr/dbproto v0.0.5/go.mod h1:6HiUEg01THtyN9XatxLj1sy/kVGZ5H7drAQ7X5DnVQY=
github.com/Malpizarr/dbproto v0.0.6 h1:aTRUHGEGOvfXNKkNqdD2lS9F9bP6CtRprdXTjRcDse8=
github.com/Malpizarr/dbproto v0.0.6/go.mod h1:6HiUEg01THtyN9XatxLj1sy/kVGZ5H7drAQ7X5DnVQY=
github.com/Malpizarr/dbproto v0.0.7 h1:Pr4yvIw5boIJdxbYNR3bwLuGcAkiQl23jjel+7dSdTo=
github.com/Malpizarr/dbproto v0.0.7/go.mod h1:6HiUEg01THtyN9XatxLj1sy/kVGZ5H7drAQ7X5DnVQY=
github.com/Malpizarr/dbproto v0.0.8 h1:2arf/86tn5vCZyeohiO+2DjsyJwO0LOzaUlZZV+Kezg=
github.com/Malpizarr/dbproto v0.0.8/go.mod h1:6HiUEg01THtyN9XatxLj1sy/kVGZ5H7drAQ7X5DnVQY=
github.com/Malpizarr/dbproto v0.0.9 h1:mRLKPIscfSIGDluLnsXjTTHr/0xlSh95Rhuzq7dXkSQ=
github.com/Malpizarr/dbproto v0.0.9/go.mod h1:6HiUEg01THtyN9XatxLj1sy/kVGZ5H7drAQ7X5DnVQY=
github.com/Malpizarr/dbproto v0.0.10 h1:M4tWJMKkHFX5Zyn6V9SIpa80itPSbbEg3Db60ibLFwA=
github.com/Malpizarr/dbproto v0.0.10/go.mod h1:6HiUEg01THtyN9XatxLj1sy/kVGZ5H7drAQ7X5DnVQY=
github.com/Malpizarr/dbproto v0.0.11 h1:Dmj7Dv7aipcz9PwPj26xco3ESAS1wSKz9r9XnDgG2WY=
github.com/Malpizarr/dbproto v0.0.11/go.mod h1:6HiUEg01THtyN9XatxLj1sy/kVGZ5H7drAQ7X5DnVQY=
github.com/Malpizarr/dbproto v0.0.12 h1:d7ywOimKsL0gSGLH+vaYgdsPgmlysRss5fuuds9AQUY=
github.com/Malpizarr/dbproto v0.0.12/go.mod h1:6HiUEg01THtyN9XatxLj1sy/kVGZ5H7drAQ7X5DnVQY=
github.com/google/go-cmp v0.5.5 h1:Khx7svrCpmxxtHBq5j2mp/xVjsi8hQMfNLvJFAlrGgU=
github.com/google/go-cmp v0.5.5/go.mod h1:v8dTdLbMG2kIc/vJvl+f65V22dbkXbowE6jgT/gNBxE=
github.com/joho/godotenv v1.5.1 h1:7eLL/+HRGLY0ldzfGMeQkb7vMd0as4CfYvUVzLqw0N0=
github.com/joho/godotenv v1.5.1/go.mod h1:f4LDr5Voq0i2e/R5DDNOoa2zzDfwtkZa6DnEwAbqwq4=
golang.org/x/xerrors v0.0.0-20191204190536-9bdfabe68543 h1:E7g+9GITq07hpfrRu66IVDexMakfv52eLZ2CXBWiKr4=
golang.org/x/xerrors v0.0.0-20191204190536-9bdfabe68543/go.mod h1:I/5z698sn9Ka8TeJc9MKroUUfqBBauWjQqLJ2OPfmY0=
google.golang.org/protobuf v1.34.0 h1:Qo/qEd2RZPCf2nKuorzksSknv0d3ERwp1vFG38gSmH4=
google.golang.org/protobuf v1.34.0/go.mod h1:c6P6GXX6sHbq/GpV6MGZEdwhWPcYBgnhAHhKbcUYpos=
google.golang.org/protobuf v1.34.1 h1:9ddQBjfCyZPOHPUiPxpYESBLc+T8P3E+Vo4IbKZgFWg=
google.golang.org/protobuf v1.34.1/go.mod h1:c6P6GXX6sHbq/GpV6MGZEdwhWPcYBgnhAHhKbcUYpos=
